
Microsoft Visual Studio Solution File, Format Version 12.00
# Visual Studio Version 16
VisualStudioVersion = 16.0.31019.35
MinimumVisualStudioVersion = 10.0.40219.1
Project("{9A19103F-16F7-4668-BE54-9A1E7A4F7556}") = "Core", "Core\Core.csproj", "{AFDC5ED3-3B01-48DD-AEDC-2A9DE8720E2F}"
EndProject
Project("{9A19103F-16F7-4668-BE54-9A1E7A4F7556}") = "Service", "Service\Service.csproj", "{BC38986B-7F92-4EB8-9B0F-5790FEDAB5E0}"
EndProject
Project("{9A19103F-16F7-4668-BE54-9A1E7A4F7556}") = "DataAccess", "DataAccess\DataAccess.csproj", "{8784700A-38EC-4D63-B61C-6B4EDB9F2B3B}"
EndProject
Project("{9A19103F-16F7-4668-BE54-9A1E7A4F7556}") = "ProjectBot", "ProjectBot\ProjectBot.csproj", "{6E8FFEE7-8145-41DF-98C4-76D4D308198C}"
EndProject
Global
	GlobalSection(SolutionConfigurationPlatforms) = preSolution
		Debug|Any CPU = Debug|Any CPU
		Release|Any CPU = Release|Any CPU
	EndGlobalSection
	GlobalSection(ProjectConfigurationPlatforms) = postSolution
		{AFDC5ED3-3B01-48DD-AEDC-2A9DE8720E2F}.Debug|Any CPU.ActiveCfg = Debug|Any CPU
		{AFDC5ED3-3B01-48DD-AEDC-2A9DE8720E2F}.Debug|Any CPU.Build.0 = Debug|Any CPU
		{AFDC5ED3-3B01-48DD-AEDC-2A9DE8720E2F}.Release|Any CPU.ActiveCfg = Release|Any CPU
		{AFDC5ED3-3B01-48DD-AEDC-2A9DE8720E2F}.Release|Any CPU.Build.0 = Release|Any CPU
		{BC38986B-7F92-4EB8-9B0F-5790FEDAB5E0}.Debug|Any CPU.ActiveCfg = Debug|Any CPU
		{BC38986B-7F92-4EB8-9B0F-5790FEDAB5E0}.Debug|Any CPU.Build.0 = Debug|Any CPU
		{BC38986B-7F92-4EB8-9B0F-5790FEDAB5E0}.Release|Any CPU.ActiveCfg = Release|Any CPU
		{BC38986B-7F92-4EB8-9B0F-5790FEDAB5E0}.Release|Any CPU.Build.0 = Release|Any CPU
		{8784700A-38EC-4D63-B61C-6B4EDB9F2B3B}.Debug|Any CPU.ActiveCfg = Debug|Any CPU
		{8784700A-38EC-4D63-B61C-6B4EDB9F2B3B}.Debug|Any CPU.Build.0 = Debug|Any CPU
		{8784700A-38EC-4D63-B61C-6B4EDB9F2B3B}.Release|Any CPU.ActiveCfg = Release|Any CPU
		{8784700A-38EC-4D63-B61C-6B4EDB9F2B3B}.Release|Any CPU.Build.0 = Release|Any CPU
		{6E8FFEE7-8145-41DF-98C4-76D4D308198C}.Debug|Any CPU.ActiveCfg = Debug|Any CPU
		{6E8FFEE7-8145-41DF-98C4-76D4D308198C}.Debug|Any CPU.Build.0 = Debug|Any CPU
		{6E8FFEE7-8145-41DF-98C4-76D4D308198C}.Release|Any CPU.ActiveCfg = Release|Any CPU
		{6E8FFEE7-8145-41DF-98C4-76D4D308198C}.Release|Any CPU.Build.0 = Release|Any CPU
	EndGlobalSection
	GlobalSection(SolutionProperties) = preSolution
		HideSolutionNode = FALSE
	EndGlobalSection
	GlobalSection(ExtensibilityGlobals) = postSolution
		SolutionGuid = {0FE6D76B-30B3-443A-85FF-6F6E8456E1B7}
	EndGlobalSection
EndGlobal
